
Microsoft Visual Studio Solution File, Format Version 12.00
# Visual Studio Version 17
VisualStudioVersion = 17.6.33815.320
MinimumVisualStudioVersion = 10.0.40219.1
Project("{FAE04EC0-301F-11D3-BF4B-00C04F79EFBC}") = "LT_OrbitSpawner", "LT_OrbitSpawner\LT_OrbitSpawner.csproj", "{B6F0CBC0-C2D3-406E-ACB6-C73970C2C0A5}"
EndProject
Global
	GlobalSection(SolutionConfigurationPlatforms) = preSolution
		Debug|Any CPU = Debug|Any CPU
		Release|Any CPU = Release|Any CPU
	EndGlobalSection
	GlobalSection(ProjectConfigurationPlatforms) = postSolution
		{B6F0CBC0-C2D3-406E-ACB6-C73970C2C0A5}.Debug|Any CPU.ActiveCfg = Debug|Any CPU
		{B6F0CBC0-C2D3-406E-ACB6-C73970C2C0A5}.Debug|Any CPU.Build.0 = Debug|Any CPU
		{B6F0CBC0-C2D3-406E-ACB6-C73970C2C0A5}.Release|Any CPU.ActiveCfg = Release|Any CPU
		{B6F0CBC0-C2D3-406E-ACB6-C73970C2C0A5}.Release|Any CPU.Build.0 = Release|Any CPU
	EndGlobalSection
	GlobalSection(SolutionProperties) = preSolution
		HideSolutionNode = FALSE
	EndGlobalSection
	GlobalSection(ExtensibilityGlobals) = postSolution
		SolutionGuid = {20C9E84A-4689-44D6-8A88-E60AA73568CE}
	EndGlobalSection
EndGlobal
